// !$*UTF8*$!
{
	archiveVersion = 1;
	classes = {
	};
	objectVersion = 46;
	objects = {

/* Begin PBXBuildFile section */
		3F0827271CBDBE9B006F8D82 /* MKAnnotationView+WebCache.m in Sources */ = {isa = PBXBuildFile; fileRef = 3F0827071CBDBE9B006F8D82 /* MKAnnotationView+WebCache.m */; };
		3F0827281CBDBE9B006F8D82 /* NSData+ImageContentType.m in Sources */ = {isa = PBXBuildFile; fileRef = 3F0827091CBDBE9B006F8D82 /* NSData+ImageContentType.m */; };
		3F0827291CBDBE9B006F8D82 /* SDImageCache.m in Sources */ = {isa = PBXBuildFile; fileRef = 3F08270B1CBDBE9B006F8D82 /* SDImageCache.m */; };
		3F08272A1CBDBE9B006F8D82 /* SDWebImageCompat.m in Sources */ = {isa = PBXBuildFile; fileRef = 3F08270D1CBDBE9B006F8D82 /* SDWebImageCompat.m */; };
		3F08272B1CBDBE9B006F8D82 /* SDWebImageDecoder.m in Sources */ = {isa = PBXBuildFile; fileRef = 3F08270F1CBDBE9B006F8D82 /* SDWebImageDecoder.m */; };
		3F08272C1CBDBE9B006F8D82 /* SDWebImageDownloader.m in Sources */ = {isa = PBXBuildFile; fileRef = 3F0827111CBDBE9B006F8D82 /* SDWebImageDownloader.m */; };
		3F08272D1CBDBE9B006F8D82 /* SDWebImageDownloaderOperation.m in Sources */ = {isa = PBXBuildFile; fileRef = 3F0827131CBDBE9B006F8D82 /* SDWebImageDownloaderOperation.m */; };
		3F08272E1CBDBE9B006F8D82 /* SDWebImageManager.m in Sources */ = {isa = PBXBuildFile; fileRef = 3F0827151CBDBE9B006F8D82 /* SDWebImageManager.m */; };
		3F08272F1CBDBE9B006F8D82 /* SDWebImagePrefetcher.m in Sources */ = {isa = PBXBuildFile; fileRef = 3F0827181CBDBE9B006F8D82 /* SDWebImagePrefetcher.m */; };
		3F0827301CBDBE9B006F8D82 /* UIButton+WebCache.m in Sources */ = {isa = PBXBuildFile; fileRef = 3F08271A1CBDBE9B006F8D82 /* UIButton+WebCache.m */; };
		3F0827311CBDBE9B006F8D82 /* UIImage+GIF.m in Sources */ = {isa = PBXBuildFile; fileRef = 3F08271C1CBDBE9B006F8D82 /* UIImage+GIF.m */; };
		3F0827321CBDBE9B006F8D82 /* UIImage+MultiFormat.m in Sources */ = {isa = PBXBuildFile; fileRef = 3F08271E1CBDBE9B006F8D82 /* UIImage+MultiFormat.m */; };
		3F0827331CBDBE9B006F8D82 /* UIImage+WebP.m in Sources */ = {isa = PBXBuildFile; fileRef = 3F0827201CBDBE9B006F8D82 /* UIImage+WebP.m */; };
		3F0827341CBDBE9B006F8D82 /* UIImageView+HighlightedWebCache.m in Sources */ = {isa = PBXBuildFile; fileRef = 3F0827221CBDBE9B006F8D82 /* UIImageView+HighlightedWebCache.m */; };
		3F0827351CBDBE9B006F8D82 /* UIImageView+WebCache.m in Sources */ = {isa = PBXBuildFile; fileRef = 3F0827241CBDBE9B006F8D82 /* UIImageView+WebCache.m */; };
		3F0827361CBDBE9B006F8D82 /* UIView+WebCacheOperation.m in Sources */ = {isa = PBXBuildFile; fileRef = 3F0827261CBDBE9B006F8D82 /* UIView+WebCacheOperation.m */; };
		3F08273A1CBDC4E7006F8D82 /* TableCellView.swift in Sources */ = {isa = PBXBuildFile; fileRef = 3F0827391CBDC4E7006F8D82 /* TableCellView.swift */; };
		3F08273C1CBDC75C006F8D82 /* placeholder.png in Resources */ = {isa = PBXBuildFile; fileRef = 3F08273B1CBDC75C006F8D82 /* placeholder.png */; };
		3F80FAAC1CC4079800EACC98 /* favorite@2x.png in Resources */ = {isa = PBXBuildFile; fileRef = 3F80FAAB1CC4079800EACC98 /* favorite@2x.png */; };
		3F80FAAE1CC407B400EACC98 /* favoriteYes@2x.png in Resources */ = {isa = PBXBuildFile; fileRef = 3F80FAAD1CC407B400EACC98 /* favoriteYes@2x.png */; };
		3F80FAB01CC407BC00EACC98 /* favoriteYes@3x.png in Resources */ = {isa = PBXBuildFile; fileRef = 3F80FAAF1CC407BC00EACC98 /* favoriteYes@3x.png */; };
		3F80FAB21CC407C300EACC98 /* favorite@3x.png in Resources */ = {isa = PBXBuildFile; fileRef = 3F80FAB11CC407C300EACC98 /* favorite@3x.png */; };
		3F80FAB41CC407CD00EACC98 /* MoviePhone.png in Resources */ = {isa = PBXBuildFile; fileRef = 3F80FAB31CC407CD00EACC98 /* MoviePhone.png */; };
		3F80FAB71CC407D900EACC98 /* menuBar@3x.png in Resources */ = {isa = PBXBuildFile; fileRef = 3F80FAB51CC407D900EACC98 /* menuBar@3x.png */; };
		3F80FAB81CC407D900EACC98 /* menuBar@2x.png in Resources */ = {isa = PBXBuildFile; fileRef = 3F80FAB61CC407D900EACC98 /* menuBar@2x.png */; };
		3F80FABB1CC42A9700EACC98 /* icon@2x.png in Resources */ = {isa = PBXBuildFile; fileRef = 3F80FAB91CC42A9700EACC98 /* icon@2x.png */; };
		3F80FABC1CC42A9700EACC98 /* icon@3x.png in Resources */ = {isa = PBXBuildFile; fileRef = 3F80FABA1CC42A9700EACC98 /* icon@3x.png */; };
		3F829FBE1CBC6B48009BB70C /* AppDelegate.swift in Sources */ = {isa = PBXBuildFile; fileRef = 3F829FBD1CBC6B48009BB70C /* AppDelegate.swift */; };
		3F829FC01CBC6B48009BB70C /* ViewController.swift in Sources */ = {isa = PBXBuildFile; fileRef = 3F829FBF1CBC6B48009BB70C /* ViewController.swift */; };
		3F829FC51CBC6B48009BB70C /* Assets.xcassets in Resources */ = {isa = PBXBuildFile; fileRef = 3F829FC41CBC6B48009BB70C /* Assets.xcassets */; };
		3F829FD31CBC6B48009BB70C /* MovieSearchTests.swift in Sources */ = {isa = PBXBuildFile; fileRef = 3F829FD21CBC6B48009BB70C /* MovieSearchTests.swift */; };
		3F829FDE1CBC6B48009BB70C /* MovieSearchUITests.swift in Sources */ = {isa = PBXBuildFile; fileRef = 3F829FDD1CBC6B48009BB70C /* MovieSearchUITests.swift */; };
		3F829FEC1CBC6BDB009BB70C /* Movie.swift in Sources */ = {isa = PBXBuildFile; fileRef = 3F829FEB1CBC6BDB009BB70C /* Movie.swift */; };
		3F829FEE1CBC6EB5009BB70C /* MovieListViewController.swift in Sources */ = {isa = PBXBuildFile; fileRef = 3F829FED1CBC6EB5009BB70C /* MovieListViewController.swift */; };
		3F829FF21CBC961F009BB70C /* SearchResults.swift in Sources */ = {isa = PBXBuildFile; fileRef = 3F829FF11CBC961F009BB70C /* SearchResults.swift */; };
		3F829FF41CBD3F05009BB70C /* Default-568h@2x.png in Resources */ = {isa = PBXBuildFile; fileRef = 3F829FF31CBD3F05009BB70C /* Default-568h@2x.png */; };
		3FEB240E1CBDFFAF00377C67 /* Main.storyboard in Resources */ = {isa = PBXBuildFile; fileRef = 3FEB240D1CBDFFAF00377C67 /* Main.storyboard */; };
		3FEB24101CBDFFC100377C67 /* LaunchScreen.storyboard in Resources */ = {isa = PBXBuildFile; fileRef = 3FEB240F1CBDFFC100377C67 /* LaunchScreen.storyboard */; };
		3FEB24121CBF084500377C67 /* MovieDetailViewController.swift in Sources */ = {isa = PBXBuildFile; fileRef = 3FEB24111CBF084500377C67 /* MovieDetailViewController.swift */; };
		3FEB24141CBF08D400377C67 /* MovieDetailView.swift in Sources */ = {isa = PBXBuildFile; fileRef = 3FEB24131CBF08D400377C67 /* MovieDetailView.swift */; };
		3FEB241A1CC03A0800377C67 /* ExtraImageCellColletionView.swift in Sources */ = {isa = PBXBuildFile; fileRef = 3FEB24191CC03A0800377C67 /* ExtraImageCellColletionView.swift */; };
		3FF7A9641CC1DCDE00F1BF46 /* PopupViewController.swift in Sources */ = {isa = PBXBuildFile; fileRef = 3FF7A9631CC1DCDE00F1BF46 /* PopupViewController.swift */; };
/* End PBXBuildFile section */

/* Begin PBXContainerItemProxy section */
		3F829FCF1CBC6B48009BB70C /* PBXContainerItemProxy */ = {
			isa = PBXContainerItemProxy;
			containerPortal = 3F829FB21CBC6B48009BB70C /* Project object */;
			proxyType = 1;
			remoteGlobalIDString = 3F829FB91CBC6B48009BB70C;
			remoteInfo = MovieSearch;
		};
		3F829FDA1CBC6B48009BB70C /* PBXContainerItemProxy */ = {
			isa = PBXContainerItemProxy;
			containerPortal = 3F829FB21CBC6B48009BB70C /* Project object */;
			proxyType = 1;
			remoteGlobalIDString = 3F829FB91CBC6B48009BB70C;
			remoteInfo = MovieSearch;
		};
/* End PBXContainerItemProxy section */

/* Begin PBXFileReference section */
		3F0826F21CBDBDF0006F8D82 /* MovieSearch-Bridging-Header.h */ = {isa = PBXFileReference; lastKnownFileType = sourcecode.c.h; path = "MovieSearch-Bridging-Header.h"; sourceTree = "<group>"; };
		3F0827061CBDBE9B006F8D82 /* MKAnnotationView+WebCache.h */ = {isa = PBXFileReference; fileEncoding = 4; lastKnownFileType = sourcecode.c.h; path = "MKAnnotationView+WebCache.h"; sourceTree = "<group>"; };
		3F0827071CBDBE9B006F8D82 /* MKAnnotationView+WebCache.m */ = {isa = PBXFileReference; fileEncoding = 4; lastKnownFileType = sourcecode.c.objc; path = "MKAnnotationView+WebCache.m"; sourceTree = "<group>"; };
		3F0827081CBDBE9B006F8D82 /* NSData+ImageContentType.h */ = {isa = PBXFileReference; fileEncoding = 4; lastKnownFileType = sourcecode.c.h; path = "NSData+ImageContentType.h"; sourceTree = "<group>"; };
		3F0827091CBDBE9B006F8D82 /* NSData+ImageContentType.m */ = {isa = PBXFileReference; fileEncoding = 4; lastKnownFileType = sourcecode.c.objc; path = "NSData+ImageContentType.m"; sourceTree = "<group>"; };
		3F08270A1CBDBE9B006F8D82 /* SDImageCache.h */ = {isa = PBXFileReference; fileEncoding = 4; lastKnownFileType = sourcecode.c.h; path = SDImageCache.h; sourceTree = "<group>"; };
		3F08270B1CBDBE9B006F8D82 /* SDImageCache.m */ = {isa = PBXFileReference; fileEncoding = 4; lastKnownFileType = sourcecode.c.objc; path = SDImageCache.m; sourceTree = "<group>"; };
		3F08270C1CBDBE9B006F8D82 /* SDWebImageCompat.h */ = {isa = PBXFileReference; fileEncoding = 4; lastKnownFileType = sourcecode.c.h; path = SDWebImageCompat.h; sourceTree = "<group>"; };
		3F08270D1CBDBE9B006F8D82 /* SDWebImageCompat.m */ = {isa = PBXFileReference; fileEncoding = 4; lastKnownFileType = sourcecode.c.objc; path = SDWebImageCompat.m; sourceTree = "<group>"; };
		3F08270E1CBDBE9B006F8D82 /* SDWebImageDecoder.h */ = {isa = PBXFileReference; fileEncoding = 4; lastKnownFileType = sourcecode.c.h; path = SDWebImageDecoder.h; sourceTree = "<group>"; };
		3F08270F1CBDBE9B006F8D82 /* SDWebImageDecoder.m */ = {isa = PBXFileReference; fileEncoding = 4; lastKnownFileType = sourcecode.c.objc; path = SDWebImageDecoder.m; sourceTree = "<group>"; };
		3F0827101CBDBE9B006F8D82 /* SDWebImageDownloader.h */ = {isa = PBXFileReference; fileEncoding = 4; lastKnownFileType = sourcecode.c.h; path = SDWebImageDownloader.h; sourceTree = "<group>"; };
		3F0827111CBDBE9B006F8D82 /* SDWebImageDownloader.m */ = {isa = PBXFileReference; fileEncoding = 4; lastKnownFileType = sourcecode.c.objc; path = SDWebImageDownloader.m; sourceTree = "<group>"; };
		3F0827121CBDBE9B006F8D82 /* SDWebImageDownloaderOperation.h */ = {isa = PBXFileReference; fileEncoding = 4; lastKnownFileType = sourcecode.c.h; path = SDWebImageDownloaderOperation.h; sourceTree = "<group>"; };
		3F0827131CBDBE9B006F8D82 /* SDWebImageDownloaderOperation.m */ = {isa = PBXFileReference; fileEncoding = 4; lastKnownFileType = sourcecode.c.objc; path = SDWebImageDownloaderOperation.m; sourceTree = "<group>"; };
		3F0827141CBDBE9B006F8D82 /* SDWebImageManager.h */ = {isa = PBXFileReference; fileEncoding = 4; lastKnownFileType = sourcecode.c.h; path = SDWebImageManager.h; sourceTree = "<group>"; };
		3F0827151CBDBE9B006F8D82 /* SDWebImageManager.m */ = {isa = PBXFileReference; fileEncoding = 4; lastKnownFileType = sourcecode.c.objc; path = SDWebImageManager.m; sourceTree = "<group>"; };
		3F0827161CBDBE9B006F8D82 /* SDWebImageOperation.h */ = {isa = PBXFileReference; fileEncoding = 4; lastKnownFileType = sourcecode.c.h; path = SDWebImageOperation.h; sourceTree = "<group>"; };
		3F0827171CBDBE9B006F8D82 /* SDWebImagePrefetcher.h */ = {isa = PBXFileReference; fileEncoding = 4; lastKnownFileType = sourcecode.c.h; path = SDWebImagePrefetcher.h; sourceTree = "<group>"; };
		3F0827181CBDBE9B006F8D82 /* SDWebImagePrefetcher.m */ = {isa = PBXFileReference; fileEncoding = 4; lastKnownFileType = sourcecode.c.objc; path = SDWebImagePrefetcher.m; sourceTree = "<group>"; };
		3F0827191CBDBE9B006F8D82 /* UIButton+WebCache.h */ = {isa = PBXFileReference; fileEncoding = 4; lastKnownFileType = sourcecode.c.h; path = "UIButton+WebCache.h"; sourceTree = "<group>"; };
		3F08271A1CBDBE9B006F8D82 /* UIButton+WebCache.m */ = {isa = PBXFileReference; fileEncoding = 4; lastKnownFileType = sourcecode.c.objc; path = "UIButton+WebCache.m"; sourceTree = "<group>"; };
		3F08271B1CBDBE9B006F8D82 /* UIImage+GIF.h */ = {isa = PBXFileReference; fileEncoding = 4; lastKnownFileType = sourcecode.c.h; path = "UIImage+GIF.h"; sourceTree = "<group>"; };
		3F08271C1CBDBE9B006F8D82 /* UIImage+GIF.m */ = {isa = PBXFileReference; fileEncoding = 4; lastKnownFileType = sourcecode.c.objc; path = "UIImage+GIF.m"; sourceTree = "<group>"; };
		3F08271D1CBDBE9B006F8D82 /* UIImage+MultiFormat.h */ = {isa = PBXFileReference; fileEncoding = 4; lastKnownFileType = sourcecode.c.h; path = "UIImage+MultiFormat.h"; sourceTree = "<group>"; };
		3F08271E1CBDBE9B006F8D82 /* UIImage+MultiFormat.m */ = {isa = PBXFileReference; fileEncoding = 4; lastKnownFileType = sourcecode.c.objc; path = "UIImage+MultiFormat.m"; sourceTree = "<group>"; };
		3F08271F1CBDBE9B006F8D82 /* UIImage+WebP.h */ = {isa = PBXFileReference; fileEncoding = 4; lastKnownFileType = sourcecode.c.h; path = "UIImage+WebP.h"; sourceTree = "<group>"; };
		3F0827201CBDBE9B006F8D82 /* UIImage+WebP.m */ = {isa = PBXFileReference; fileEncoding = 4; lastKnownFileType = sourcecode.c.objc; path = "UIImage+WebP.m"; sourceTree = "<group>"; };
		3F0827211CBDBE9B006F8D82 /* UIImageView+HighlightedWebCache.h */ = {isa = PBXFileReference; fileEncoding = 4; lastKnownFileType = sourcecode.c.h; path = "UIImageView+HighlightedWebCache.h"; sourceTree = "<group>"; };
		3F0827221CBDBE9B006F8D82 /* UIImageView+HighlightedWebCache.m */ = {isa = PBXFileReference; fileEncoding = 4; lastKnownFileType = sourcecode.c.objc; path = "UIImageView+HighlightedWebCache.m"; sourceTree = "<group>"; };
		3F0827231CBDBE9B006F8D82 /* UIImageView+WebCache.h */ = {isa = PBXFileReference; fileEncoding = 4; lastKnownFileType = sourcecode.c.h; path = "UIImageView+WebCache.h"; sourceTree = "<group>"; };
		3F0827241CBDBE9B006F8D82 /* UIImageView+WebCache.m */ = {isa = PBXFileReference; fileEncoding = 4; lastKnownFileType = sourcecode.c.objc; path = "UIImageView+WebCache.m"; sourceTree = "<group>"; };
		3F0827251CBDBE9B006F8D82 /* UIView+WebCacheOperation.h */ = {isa = PBXFileReference; fileEncoding = 4; lastKnownFileType = sourcecode.c.h; path = "UIView+WebCacheOperation.h"; sourceTree = "<group>"; };
		3F0827261CBDBE9B006F8D82 /* UIView+WebCacheOperation.m */ = {isa = PBXFileReference; fileEncoding = 4; lastKnownFileType = sourcecode.c.objc; path = "UIView+WebCacheOperation.m"; sourceTree = "<group>"; };
		3F0827391CBDC4E7006F8D82 /* TableCellView.swift */ = {isa = PBXFileReference; fileEncoding = 4; lastKnownFileType = sourcecode.swift; path = TableCellView.swift; sourceTree = "<group>"; };
		3F08273B1CBDC75C006F8D82 /* placeholder.png */ = {isa = PBXFileReference; lastKnownFileType = image.png; path = placeholder.png; sourceTree = "<group>"; };
		3F80FAAB1CC4079800EACC98 /* favorite@2x.png */ = {isa = PBXFileReference; lastKnownFileType = image.png; path = "favorite@2x.png"; sourceTree = "<group>"; };
		3F80FAAD1CC407B400EACC98 /* favoriteYes@2x.png */ = {isa = PBXFileReference; lastKnownFileType = image.png; path = "favoriteYes@2x.png"; sourceTree = "<group>"; };
		3F80FAAF1CC407BC00EACC98 /* favoriteYes@3x.png */ = {isa = PBXFileReference; lastKnownFileType = image.png; path = "favoriteYes@3x.png"; sourceTree = "<group>"; };
		3F80FAB11CC407C300EACC98 /* favorite@3x.png */ = {isa = PBXFileReference; lastKnownFileType = image.png; path = "favorite@3x.png"; sourceTree = "<group>"; };
		3F80FAB31CC407CD00EACC98 /* MoviePhone.png */ = {isa = PBXFileReference; lastKnownFileType = image.png; path = MoviePhone.png; sourceTree = "<group>"; };
		3F80FAB51CC407D900EACC98 /* menuBar@3x.png */ = {isa = PBXFileReference; lastKnownFileType = image.png; path = "menuBar@3x.png"; sourceTree = "<group>"; };
		3F80FAB61CC407D900EACC98 /* menuBar@2x.png */ = {isa = PBXFileReference; lastKnownFileType = image.png; path = "menuBar@2x.png"; sourceTree = "<group>"; };
		3F80FAB91CC42A9700EACC98 /* icon@2x.png */ = {isa = PBXFileReference; lastKnownFileType = image.png; path = "icon@2x.png"; sourceTree = "<group>"; };
		3F80FABA1CC42A9700EACC98 /* icon@3x.png */ = {isa = PBXFileReference; lastKnownFileType = image.png; path = "icon@3x.png"; sourceTree = "<group>"; };
		3F829FBA1CBC6B48009BB70C /* MovieSearch.app */ = {isa = PBXFileReference; explicitFileType = wrapper.application; includeInIndex = 0; path = MovieSearch.app; sourceTree = BUILT_PRODUCTS_DIR; };
		3F829FBD1CBC6B48009BB70C /* AppDelegate.swift */ = {isa = PBXFileReference; lastKnownFileType = sourcecode.swift; name = AppDelegate.swift; path = MovieSearch/AppDelegate.swift; sourceTree = "<group>"; };
		3F829FBF1CBC6B48009BB70C /* ViewController.swift */ = {isa = PBXFileReference; lastKnownFileType = sourcecode.swift; name = ViewController.swift; path = MovieSearch/ViewController.swift; sourceTree = "<group>"; };
		3F829FC41CBC6B48009BB70C /* Assets.xcassets */ = {isa = PBXFileReference; lastKnownFileType = folder.assetcatalog; path = Assets.xcassets; sourceTree = "<group>"; };
		3F829FC91CBC6B48009BB70C /* Info.plist */ = {isa = PBXFileReference; lastKnownFileType = text.plist.xml; path = Info.plist; sourceTree = "<group>"; };
		3F829FCE1CBC6B48009BB70C /* MovieSearchTests.xctest */ = {isa = PBXFileReference; explicitFileType = wrapper.cfbundle; includeInIndex = 0; path = MovieSearchTests.xctest; sourceTree = BUILT_PRODUCTS_DIR; };
		3F829FD21CBC6B48009BB70C /* MovieSearchTests.swift */ = {isa = PBXFileReference; lastKnownFileType = sourcecode.swift; path = MovieSearchTests.swift; sourceTree = "<group>"; };
		3F829FD41CBC6B48009BB70C /* Info.plist */ = {isa = PBXFileReference; lastKnownFileType = text.plist.xml; path = Info.plist; sourceTree = "<group>"; };
		3F829FD91CBC6B48009BB70C /* MovieSearchUITests.xctest */ = {isa = PBXFileReference; explicitFileType = wrapper.cfbundle; includeInIndex = 0; path = MovieSearchUITests.xctest; sourceTree = BUILT_PRODUCTS_DIR; };
		3F829FDD1CBC6B48009BB70C /* MovieSearchUITests.swift */ = {isa = PBXFileReference; lastKnownFileType = sourcecode.swift; path = MovieSearchUITests.swift; sourceTree = "<group>"; };
		3F829FDF1CBC6B48009BB70C /* Info.plist */ = {isa = PBXFileReference; lastKnownFileType = text.plist.xml; path = Info.plist; sourceTree = "<group>"; };
		3F829FEB1CBC6BDB009BB70C /* Movie.swift */ = {isa = PBXFileReference; fileEncoding = 4; lastKnownFileType = sourcecode.swift; path = Movie.swift; sourceTree = "<group>"; };
		3F829FED1CBC6EB5009BB70C /* MovieListViewController.swift */ = {isa = PBXFileReference; fileEncoding = 4; lastKnownFileType = sourcecode.swift; path = MovieListViewController.swift; sourceTree = "<group>"; };
		3F829FF11CBC961F009BB70C /* SearchResults.swift */ = {isa = PBXFileReference; fileEncoding = 4; lastKnownFileType = sourcecode.swift; path = SearchResults.swift; sourceTree = "<group>"; };
		3F829FF31CBD3F05009BB70C /* Default-568h@2x.png */ = {isa = PBXFileReference; lastKnownFileType = image.png; path = "Default-568h@2x.png"; sourceTree = "<group>"; };
		3FEB240D1CBDFFAF00377C67 /* Main.storyboard */ = {isa = PBXFileReference; fileEncoding = 4; lastKnownFileType = file.storyboard; path = Main.storyboard; sourceTree = "<group>"; };
		3FEB240F1CBDFFC100377C67 /* LaunchScreen.storyboard */ = {isa = PBXFileReference; fileEncoding = 4; lastKnownFileType = file.storyboard; path = LaunchScreen.storyboard; sourceTree = "<group>"; };
		3FEB24111CBF084500377C67 /* MovieDetailViewController.swift */ = {isa = PBXFileReference; fileEncoding = 4; lastKnownFileType = sourcecode.swift; name = MovieDetailViewController.swift; path = ../MovieDetailViewController.swift; sourceTree = "<group>"; };
		3FEB24131CBF08D400377C67 /* MovieDetailView.swift */ = {isa = PBXFileReference; fileEncoding = 4; lastKnownFileType = sourcecode.swift; name = MovieDetailView.swift; path = ../MovieDetailView.swift; sourceTree = "<group>"; };
		3FEB24191CC03A0800377C67 /* ExtraImageCellColletionView.swift */ = {isa = PBXFileReference; fileEncoding = 4; lastKnownFileType = sourcecode.swift; path = ExtraImageCellColletionView.swift; sourceTree = "<group>"; };
		3FF7A9631CC1DCDE00F1BF46 /* PopupViewController.swift */ = {isa = PBXFileReference; fileEncoding = 4; lastKnownFileType = sourcecode.swift; path = PopupViewController.swift; sourceTree = "<group>"; };
/* End PBXFileReference section */

/* Begin PBXFrameworksBuildPhase section */
		3F829FB71CBC6B48009BB70C /* Frameworks */ = {
			isa = PBXFrameworksBuildPhase;
			buildActionMask = 2147483647;
			files = (
			);
			runOnlyForDeploymentPostprocessing = 0;
		};
		3F829FCB1CBC6B48009BB70C /* Frameworks */ = {
			isa = PBXFrameworksBuildPhase;
			buildActionMask = 2147483647;
			files = (
			);
			runOnlyForDeploymentPostprocessing = 0;
		};
		3F829FD61CBC6B48009BB70C /* Frameworks */ = {
			isa = PBXFrameworksBuildPhase;
			buildActionMask = 2147483647;
			files = (
			);
			runOnlyForDeploymentPostprocessing = 0;
		};
/* End PBXFrameworksBuildPhase section */

/* Begin PBXGroup section */
		3F0826F11CBDBDB8006F8D82 /* SDWebImage */ = {
			isa = PBXGroup;
			children = (
				3F0827061CBDBE9B006F8D82 /* MKAnnotationView+WebCache.h */,
				3F0827071CBDBE9B006F8D82 /* MKAnnotationView+WebCache.m */,
				3F0827081CBDBE9B006F8D82 /* NSData+ImageContentType.h */,
				3F0827091CBDBE9B006F8D82 /* NSData+ImageContentType.m */,
				3F08270A1CBDBE9B006F8D82 /* SDImageCache.h */,
				3F08270B1CBDBE9B006F8D82 /* SDImageCache.m */,
				3F08270C1CBDBE9B006F8D82 /* SDWebImageCompat.h */,
				3F08270D1CBDBE9B006F8D82 /* SDWebImageCompat.m */,
				3F08270E1CBDBE9B006F8D82 /* SDWebImageDecoder.h */,
				3F08270F1CBDBE9B006F8D82 /* SDWebImageDecoder.m */,
				3F0827101CBDBE9B006F8D82 /* SDWebImageDownloader.h */,
				3F0827111CBDBE9B006F8D82 /* SDWebImageDownloader.m */,
				3F0827121CBDBE9B006F8D82 /* SDWebImageDownloaderOperation.h */,
				3F0827131CBDBE9B006F8D82 /* SDWebImageDownloaderOperation.m */,
				3F0827141CBDBE9B006F8D82 /* SDWebImageManager.h */,
				3F0827151CBDBE9B006F8D82 /* SDWebImageManager.m */,
				3F0827161CBDBE9B006F8D82 /* SDWebImageOperation.h */,
				3F0827171CBDBE9B006F8D82 /* SDWebImagePrefetcher.h */,
				3F0827181CBDBE9B006F8D82 /* SDWebImagePrefetcher.m */,
				3F0827191CBDBE9B006F8D82 /* UIButton+WebCache.h */,
				3F08271A1CBDBE9B006F8D82 /* UIButton+WebCache.m */,
				3F08271B1CBDBE9B006F8D82 /* UIImage+GIF.h */,
				3F08271C1CBDBE9B006F8D82 /* UIImage+GIF.m */,
				3F08271D1CBDBE9B006F8D82 /* UIImage+MultiFormat.h */,
				3F08271E1CBDBE9B006F8D82 /* UIImage+MultiFormat.m */,
				3F08271F1CBDBE9B006F8D82 /* UIImage+WebP.h */,
				3F0827201CBDBE9B006F8D82 /* UIImage+WebP.m */,
				3F0827211CBDBE9B006F8D82 /* UIImageView+HighlightedWebCache.h */,
				3F0827221CBDBE9B006F8D82 /* UIImageView+HighlightedWebCache.m */,
				3F0827231CBDBE9B006F8D82 /* UIImageView+WebCache.h */,
				3F0827241CBDBE9B006F8D82 /* UIImageView+WebCache.m */,
				3F0827251CBDBE9B006F8D82 /* UIView+WebCacheOperation.h */,
				3F0827261CBDBE9B006F8D82 /* UIView+WebCacheOperation.m */,
				3F0826F21CBDBDF0006F8D82 /* MovieSearch-Bridging-Header.h */,
			);
			path = SDWebImage;
			sourceTree = "<group>";
		};
		3F829FB11CBC6B48009BB70C = {
			isa = PBXGroup;
			children = (
				3F829FBD1CBC6B48009BB70C /* AppDelegate.swift */,
				3F829FBF1CBC6B48009BB70C /* ViewController.swift */,
				3FEB240F1CBDFFC100377C67 /* LaunchScreen.storyboard */,
				3FEB240D1CBDFFAF00377C67 /* Main.storyboard */,
				3F08273B1CBDC75C006F8D82 /* placeholder.png */,
				3F0826F11CBDBDB8006F8D82 /* SDWebImage */,
				3F829FF31CBD3F05009BB70C /* Default-568h@2x.png */,
				3F829FBC1CBC6B48009BB70C /* MovieSearch */,
				3F829FD11CBC6B48009BB70C /* MovieSearchTests */,
				3F829FDC1CBC6B48009BB70C /* MovieSearchUITests */,
				3F829FBB1CBC6B48009BB70C /* Products */,
			);
			sourceTree = "<group>";
		};
		3F829FBB1CBC6B48009BB70C /* Products */ = {
			isa = PBXGroup;
			children = (
				3F829FBA1CBC6B48009BB70C /* MovieSearch.app */,
				3F829FCE1CBC6B48009BB70C /* MovieSearchTests.xctest */,
				3F829FD91CBC6B48009BB70C /* MovieSearchUITests.xctest */,
			);
			name = Products;
			sourceTree = "<group>";
		};
		3F829FBC1CBC6B48009BB70C /* MovieSearch */ = {
			isa = PBXGroup;
			children = (
				3F80FAB91CC42A9700EACC98 /* icon@2x.png */,
				3F80FABA1CC42A9700EACC98 /* icon@3x.png */,
				3F80FAB51CC407D900EACC98 /* menuBar@3x.png */,
				3F80FAB61CC407D900EACC98 /* menuBar@2x.png */,
				3F80FAB31CC407CD00EACC98 /* MoviePhone.png */,
				3F80FAB11CC407C300EACC98 /* favorite@3x.png */,
				3F80FAAF1CC407BC00EACC98 /* favoriteYes@3x.png */,
				3F80FAAD1CC407B400EACC98 /* favoriteYes@2x.png */,
				3F80FAAB1CC4079800EACC98 /* favorite@2x.png */,
				3FECD4381CC14ADC0076115B /* Controllers */,
				3FECD4371CC14ABC0076115B /* Views */,
				3FECD4351CC14A7C0076115B /* Models */,
				3F829FC41CBC6B48009BB70C /* Assets.xcassets */,
				3F829FC91CBC6B48009BB70C /* Info.plist */,
			);
			path = MovieSearch;
			sourceTree = "<group>";
		};
		3F829FD11CBC6B48009BB70C /* MovieSearchTests */ = {
			isa = PBXGroup;
			children = (
				3F829FD21CBC6B48009BB70C /* MovieSearchTests.swift */,
				3F829FD41CBC6B48009BB70C /* Info.plist */,
			);
			path = MovieSearchTests;
			sourceTree = "<group>";
		};
		3F829FDC1CBC6B48009BB70C /* MovieSearchUITests */ = {
			isa = PBXGroup;
			children = (
				3F829FDD1CBC6B48009BB70C /* MovieSearchUITests.swift */,
				3F829FDF1CBC6B48009BB70C /* Info.plist */,
			);
			path = MovieSearchUITests;
			sourceTree = "<group>";
		};
		3FECD4351CC14A7C0076115B /* Models */ = {
			isa = PBXGroup;
			children = (
				3F829FEB1CBC6BDB009BB70C /* Movie.swift */,
				3F829FF11CBC961F009BB70C /* SearchResults.swift */,
			);
			name = Models;
			sourceTree = "<group>";
		};
		3FECD4371CC14ABC0076115B /* Views */ = {
			isa = PBXGroup;
			children = (
				3FEB24191CC03A0800377C67 /* ExtraImageCellColletionView.swift */,
				3F0827391CBDC4E7006F8D82 /* TableCellView.swift */,
				3FEB24131CBF08D400377C67 /* MovieDetailView.swift */,
			);
			name = Views;
			sourceTree = "<group>";
		};
		3FECD4381CC14ADC0076115B /* Controllers */ = {
			isa = PBXGroup;
			children = (
				3FF7A9631CC1DCDE00F1BF46 /* PopupViewController.swift */,
				3FEB24111CBF084500377C67 /* MovieDetailViewController.swift */,
				3F829FED1CBC6EB5009BB70C /* MovieListViewController.swift */,
			);
			name = Controllers;
			sourceTree = "<group>";
		};
/* End PBXGroup section */

/* Begin PBXNativeTarget section */
		3F829FB91CBC6B48009BB70C /* MovieSearch */ = {
			isa = PBXNativeTarget;
			buildConfigurationList = 3F829FE21CBC6B48009BB70C /* Build configuration list for PBXNativeTarget "MovieSearch" */;
			buildPhases = (
				3F829FB61CBC6B48009BB70C /* Sources */,
				3F829FB71CBC6B48009BB70C /* Frameworks */,
				3F829FB81CBC6B48009BB70C /* Resources */,
			);
			buildRules = (
			);
			dependencies = (
			);
			name = MovieSearch;
			productName = MovieSearch;
			productReference = 3F829FBA1CBC6B48009BB70C /* MovieSearch.app */;
			productType = "com.apple.product-type.application";
		};
		3F829FCD1CBC6B48009BB70C /* MovieSearchTests */ = {
			isa = PBXNativeTarget;
			buildConfigurationList = 3F829FE51CBC6B48009BB70C /* Build configuration list for PBXNativeTarget "MovieSearchTests" */;
			buildPhases = (
				3F829FCA1CBC6B48009BB70C /* Sources */,
				3F829FCB1CBC6B48009BB70C /* Frameworks */,
				3F829FCC1CBC6B48009BB70C /* Resources */,
			);
			buildRules = (
			);
			dependencies = (
				3F829FD01CBC6B48009BB70C /* PBXTargetDependency */,
			);
			name = MovieSearchTests;
			productName = MovieSearchTests;
			productReference = 3F829FCE1CBC6B48009BB70C /* MovieSearchTests.xctest */;
			productType = "com.apple.product-type.bundle.unit-test";
		};
		3F829FD81CBC6B48009BB70C /* MovieSearchUITests */ = {
			isa = PBXNativeTarget;
			buildConfigurationList = 3F829FE81CBC6B48009BB70C /* Build configuration list for PBXNativeTarget "MovieSearchUITests" */;
			buildPhases = (
				3F829FD51CBC6B48009BB70C /* Sources */,
				3F829FD61CBC6B48009BB70C /* Frameworks */,
				3F829FD71CBC6B48009BB70C /* Resources */,
			);
			buildRules = (
			);
			dependencies = (
				3F829FDB1CBC6B48009BB70C /* PBXTargetDependency */,
			);
			name = MovieSearchUITests;
			productName = MovieSearchUITests;
			productReference = 3F829FD91CBC6B48009BB70C /* MovieSearchUITests.xctest */;
			productType = "com.apple.product-type.bundle.ui-testing";
		};
/* End PBXNativeTarget section */

/* Begin PBXProject section */
		3F829FB21CBC6B48009BB70C /* Project object */ = {
			isa = PBXProject;
			attributes = {
				LastSwiftUpdateCheck = 0720;
				LastUpgradeCheck = 0720;
				ORGANIZATIONNAME = "Riley Anderson";
				TargetAttributes = {
					3F829FB91CBC6B48009BB70C = {
						CreatedOnToolsVersion = 7.2;
						DevelopmentTeam = DCNMM754SP;
					};
					3F829FCD1CBC6B48009BB70C = {
						CreatedOnToolsVersion = 7.2;
						DevelopmentTeam = DCNMM754SP;
						TestTargetID = 3F829FB91CBC6B48009BB70C;
					};
					3F829FD81CBC6B48009BB70C = {
						CreatedOnToolsVersion = 7.2;
						DevelopmentTeam = DCNMM754SP;
						TestTargetID = 3F829FB91CBC6B48009BB70C;
					};
				};
			};
			buildConfigurationList = 3F829FB51CBC6B48009BB70C /* Build configuration list for PBXProject "Movie Phone" */;
			compatibilityVersion = "Xcode 3.2";
			developmentRegion = English;
			hasScannedForEncodings = 0;
			knownRegions = (
				en,
				Base,
			);
			mainGroup = 3F829FB11CBC6B48009BB70C;
			productRefGroup = 3F829FBB1CBC6B48009BB70C /* Products */;
			projectDirPath = "";
			projectRoot = "";
			targets = (
				3F829FB91CBC6B48009BB70C /* MovieSearch */,
				3F829FCD1CBC6B48009BB70C /* MovieSearchTests */,
				3F829FD81CBC6B48009BB70C /* MovieSearchUITests */,
			);
		};
/* End PBXProject section */

/* Begin PBXResourcesBuildPhase section */
		3F829FB81CBC6B48009BB70C /* Resources */ = {
			isa = PBXResourcesBuildPhase;
			buildActionMask = 2147483647;
			files = (
				3F829FC51CBC6B48009BB70C /* Assets.xcassets in Resources */,
				3F80FAB41CC407CD00EACC98 /* MoviePhone.png in Resources */,
				3F80FABB1CC42A9700EACC98 /* icon@2x.png in Resources */,
				3F80FAB01CC407BC00EACC98 /* favoriteYes@3x.png in Resources */,
				3F08273C1CBDC75C006F8D82 /* placeholder.png in Resources */,
				3F80FAAE1CC407B400EACC98 /* favoriteYes@2x.png in Resources */,
				3F80FAB81CC407D900EACC98 /* menuBar@2x.png in Resources */,
				3F80FAAC1CC4079800EACC98 /* favorite@2x.png in Resources */,
				3F80FABC1CC42A9700EACC98 /* icon@3x.png in Resources */,
				3F80FAB21CC407C300EACC98 /* favorite@3x.png in Resources */,
				3F829FF41CBD3F05009BB70C /* Default-568h@2x.png in Resources */,
				3FEB24101CBDFFC100377C67 /* LaunchScreen.storyboard in Resources */,
				3FEB240E1CBDFFAF00377C67 /* Main.storyboard in Resources */,
				3F80FAB71CC407D900EACC98 /* menuBar@3x.png in Resources */,
			);
			runOnlyForDeploymentPostprocessing = 0;
		};
		3F829FCC1CBC6B48009BB70C /* Resources */ = {
			isa = PBXResourcesBuildPhase;
			buildActionMask = 2147483647;
			files = (
			);
			runOnlyForDeploymentPostprocessing = 0;
		};
		3F829FD71CBC6B48009BB70C /* Resources */ = {
			isa = PBXResourcesBuildPhase;
			buildActionMask = 2147483647;
			files = (
			);
			runOnlyForDeploymentPostprocessing = 0;
		};
/* End PBXResourcesBuildPhase section */

/* Begin PBXSourcesBuildPhase section */
		3F829FB61CBC6B48009BB70C /* Sources */ = {
			isa = PBXSourcesBuildPhase;
			buildActionMask = 2147483647;
			files = (
				3F08272E1CBDBE9B006F8D82 /* SDWebImageManager.m in Sources */,
				3F0827291CBDBE9B006F8D82 /* SDImageCache.m in Sources */,
				3F08272D1CBDBE9B006F8D82 /* SDWebImageDownloaderOperation.m in Sources */,
				3FEB24121CBF084500377C67 /* MovieDetailViewController.swift in Sources */,
				3F0827361CBDBE9B006F8D82 /* UIView+WebCacheOperation.m in Sources */,
				3F829FC01CBC6B48009BB70C /* ViewController.swift in Sources */,
				3F0827301CBDBE9B006F8D82 /* UIButton+WebCache.m in Sources */,
				3F0827281CBDBE9B006F8D82 /* NSData+ImageContentType.m in Sources */,
				3F08272F1CBDBE9B006F8D82 /* SDWebImagePrefetcher.m in Sources */,
				3FEB24141CBF08D400377C67 /* MovieDetailView.swift in Sources */,
				3F08272C1CBDBE9B006F8D82 /* SDWebImageDownloader.m in Sources */,
				3F829FBE1CBC6B48009BB70C /* AppDelegate.swift in Sources */,
				3F0827331CBDBE9B006F8D82 /* UIImage+WebP.m in Sources */,
				3F0827351CBDBE9B006F8D82 /* UIImageView+WebCache.m in Sources */,
				3F08272B1CBDBE9B006F8D82 /* SDWebImageDecoder.m in Sources */,
				3F829FEC1CBC6BDB009BB70C /* Movie.swift in Sources */,
				3F0827271CBDBE9B006F8D82 /* MKAnnotationView+WebCache.m in Sources */,
				3F08272A1CBDBE9B006F8D82 /* SDWebImageCompat.m in Sources */,
				3F829FF21CBC961F009BB70C /* SearchResults.swift in Sources */,
				3FEB241A1CC03A0800377C67 /* ExtraImageCellColletionView.swift in Sources */,
				3F829FEE1CBC6EB5009BB70C /* MovieListViewController.swift in Sources */,
				3F08273A1CBDC4E7006F8D82 /* TableCellView.swift in Sources */,
				3F0827321CBDBE9B006F8D82 /* UIImage+MultiFormat.m in Sources */,
				3F0827341CBDBE9B006F8D82 /* UIImageView+HighlightedWebCache.m in Sources */,
				3F0827311CBDBE9B006F8D82 /* UIImage+GIF.m in Sources */,
				3FF7A9641CC1DCDE00F1BF46 /* PopupViewController.swift in Sources */,
			);
			runOnlyForDeploymentPostprocessing = 0;
		};
		3F829FCA1CBC6B48009BB70C /* Sources */ = {
			isa = PBXSourcesBuildPhase;
			buildActionMask = 2147483647;
			files = (
				3F829FD31CBC6B48009BB70C /* MovieSearchTests.swift in Sources */,
			);
			runOnlyForDeploymentPostprocessing = 0;
		};
		3F829FD51CBC6B48009BB70C /* Sources */ = {
			isa = PBXSourcesBuildPhase;
			buildActionMask = 2147483647;
			files = (
				3F829FDE1CBC6B48009BB70C /* MovieSearchUITests.swift in Sources */,
			);
			runOnlyForDeploymentPostprocessing = 0;
		};
/* End PBXSourcesBuildPhase section */

/* Begin PBXTargetDependency section */
		3F829FD01CBC6B48009BB70C /* PBXTargetDependency */ = {
			isa = PBXTargetDependency;
			target = 3F829FB91CBC6B48009BB70C /* MovieSearch */;
			targetProxy = 3F829FCF1CBC6B48009BB70C /* PBXContainerItemProxy */;
		};
		3F829FDB1CBC6B48009BB70C /* PBXTargetDependency */ = {
			isa = PBXTargetDependency;
			target = 3F829FB91CBC6B48009BB70C /* MovieSearch */;
			targetProxy = 3F829FDA1CBC6B48009BB70C /* PBXContainerItemProxy */;
		};
/* End PBXTargetDependency section */

/* Begin XCBuildConfiguration section */
		3F829FE01CBC6B48009BB70C /* Debug */ = {
			isa = XCBuildConfiguration;
			buildSettings = {
				ALWAYS_SEARCH_USER_PATHS = NO;
				CLANG_CXX_LANGUAGE_STANDARD = "gnu++0x";
				CLANG_CXX_LIBRARY = "libc++";
				CLANG_ENABLE_MODULES = YES;
				CLANG_ENABLE_OBJC_ARC = YES;
				CLANG_WARN_BOOL_CONVERSION = YES;
				CLANG_WARN_CONSTANT_CONVERSION = YES;
				CLANG_WARN_DIRECT_OBJC_ISA_USAGE = YES_ERROR;
				CLANG_WARN_EMPTY_BODY = YES;
				CLANG_WARN_ENUM_CONVERSION = YES;
				CLANG_WARN_INT_CONVERSION = YES;
				CLANG_WARN_OBJC_ROOT_CLASS = YES_ERROR;
				CLANG_WARN_UNREACHABLE_CODE = YES;
				CLANG_WARN__DUPLICATE_METHOD_MATCH = YES;
				"CODE_SIGN_IDENTITY[sdk=iphoneos*]" = "iPhone Developer";
				COPY_PHASE_STRIP = NO;
				DEBUG_INFORMATION_FORMAT = dwarf;
				ENABLE_STRICT_OBJC_MSGSEND = YES;
				ENABLE_TESTABILITY = YES;
				GCC_C_LANGUAGE_STANDARD = gnu99;
				GCC_DYNAMIC_NO_PIC = NO;
				GCC_NO_COMMON_BLOCKS = YES;
				GCC_OPTIMIZATION_LEVEL = 0;
				GCC_PREPROCESSOR_DEFINITIONS = (
					"DEBUG=1",
					"$(inherited)",
				);
				GCC_WARN_64_TO_32_BIT_CONVERSION = YES;
				GCC_WARN_ABOUT_RETURN_TYPE = YES_ERROR;
				GCC_WARN_UNDECLARED_SELECTOR = YES;
				GCC_WARN_UNINITIALIZED_AUTOS = YES_AGGRESSIVE;
				GCC_WARN_UNUSED_FUNCTION = YES;
				GCC_WARN_UNUSED_VARIABLE = YES;
				IPHONEOS_DEPLOYMENT_TARGET = 9.2;
				MTL_ENABLE_DEBUG_INFO = YES;
				ONLY_ACTIVE_ARCH = YES;
				SDKROOT = iphoneos;
				SWIFT_OPTIMIZATION_LEVEL = "-Onone";
				TARGETED_DEVICE_FAMILY = "1,2";
			};
			name = Debug;
		};
		3F829FE11CBC6B48009BB70C /* Release */ = {
			isa = XCBuildConfiguration;
			buildSettings = {
				ALWAYS_SEARCH_USER_PATHS = NO;
				CLANG_CXX_LANGUAGE_STANDARD = "gnu++0x";
				CLANG_CXX_LIBRARY = "libc++";
				CLANG_ENABLE_MODULES = YES;
				CLANG_ENABLE_OBJC_ARC = YES;
				CLANG_WARN_BOOL_CONVERSION = YES;
				CLANG_WARN_CONSTANT_CONVERSION = YES;
				CLANG_WARN_DIRECT_OBJC_ISA_USAGE = YES_ERROR;
				CLANG_WARN_EMPTY_BODY = YES;
				CLANG_WARN_ENUM_CONVERSION = YES;
				CLANG_WARN_INT_CONVERSION = YES;
				CLANG_WARN_OBJC_ROOT_CLASS = YES_ERROR;
				CLANG_WARN_UNREACHABLE_CODE = YES;
				CLANG_WARN__DUPLICATE_METHOD_MATCH = YES;
				"CODE_SIGN_IDENTITY[sdk=iphoneos*]" = "iPhone Developer";
				COPY_PHASE_STRIP = NO;
				DEBUG_INFORMATION_FORMAT = "dwarf-with-dsym";
				ENABLE_NS_ASSERTIONS = NO;
				ENABLE_STRICT_OBJC_MSGSEND = YES;
				GCC_C_LANGUAGE_STANDARD = gnu99;
				GCC_NO_COMMON_BLOCKS = YES;
				GCC_WARN_64_TO_32_BIT_CONVERSION = YES;
				GCC_WARN_ABOUT_RETURN_TYPE = YES_ERROR;
				GCC_WARN_UNDECLARED_SELECTOR = YES;
				GCC_WARN_UNINITIALIZED_AUTOS = YES_AGGRESSIVE;
				GCC_WARN_UNUSED_FUNCTION = YES;
				GCC_WARN_UNUSED_VARIABLE = YES;
				IPHONEOS_DEPLOYMENT_TARGET = 9.2;
				MTL_ENABLE_DEBUG_INFO = NO;
				SDKROOT = iphoneos;
				TARGETED_DEVICE_FAMILY = "1,2";
				VALIDATE_PRODUCT = YES;
			};
			name = Release;
		};
		3F829FE31CBC6B48009BB70C /* Debug */ = {
			isa = XCBuildConfiguration;
			buildSettings = {
				ASSETCATALOG_COMPILER_APPICON_NAME = AppIcon;
				CLANG_ENABLE_MODULES = YES;
				CODE_SIGN_IDENTITY = "iPhone Developer";
				"CODE_SIGN_IDENTITY[sdk=iphoneos*]" = "iPhone Developer";
				FRAMEWORK_SEARCH_PATHS = (
					"$(inherited)",
					"$(PROJECT_DIR)",
				);
				INFOPLIST_FILE = MovieSearch/Info.plist;
				IPHONEOS_DEPLOYMENT_TARGET = 9.2;
				LD_RUNPATH_SEARCH_PATHS = "$(inherited) @executable_path/Frameworks";
				OTHER_LDFLAGS = "";
				PRODUCT_BUNDLE_IDENTIFIER = edu.self.MovieSearch;
				PRODUCT_NAME = "$(TARGET_NAME)";
				PROVISIONING_PROFILE = "";
				SWIFT_OBJC_BRIDGING_HEADER = "SDWebImage/MovieSearch-Bridging-Header.h";
				SWIFT_OPTIMIZATION_LEVEL = "-Onone";
				TARGETED_DEVICE_FAMILY = 1;
			};
			name = Debug;
		};
		3F829FE41CBC6B48009BB70C /* Release */ = {
			isa = XCBuildConfiguration;
			buildSettings = {
				ASSETCATALOG_COMPILER_APPICON_NAME = AppIcon;
				CLANG_ENABLE_MODULES = YES;
				CODE_SIGN_IDENTITY = "iPhone Developer";
				"CODE_SIGN_IDENTITY[sdk=iphoneos*]" = "iPhone Developer";
				FRAMEWORK_SEARCH_PATHS = (
					"$(inherited)",
					"$(PROJECT_DIR)",
				);
				INFOPLIST_FILE = MovieSearch/Info.plist;
				IPHONEOS_DEPLOYMENT_TARGET = 9.2;
				LD_RUNPATH_SEARCH_PATHS = "$(inherited) @executable_path/Frameworks";
				OTHER_LDFLAGS = "";
				PRODUCT_BUNDLE_IDENTIFIER = edu.self.MovieSearch;
				PRODUCT_NAME = "$(TARGET_NAME)";
				PROVISIONING_PROFILE = "";
				SWIFT_OBJC_BRIDGING_HEADER = "SDWebImage/MovieSearch-Bridging-Header.h";
				TARGETED_DEVICE_FAMILY = 1;
			};
			name = Release;
		};
		3F829FE61CBC6B48009BB70C /* Debug */ = {
			isa = XCBuildConfiguration;
			buildSettings = {
				BUNDLE_LOADER = "$(TEST_HOST)";
				INFOPLIST_FILE = MovieSearchTests/Info.plist;
				LD_RUNPATH_SEARCH_PATHS = "$(inherited) @executable_path/Frameworks @loader_path/Frameworks";
				PRODUCT_BUNDLE_IDENTIFIER = edu.self.MovieSearchTests;
				PRODUCT_NAME = "$(TARGET_NAME)";
				TEST_HOST = "$(BUILT_PRODUCTS_DIR)/MovieSearch.app/MovieSearch";
			};
			name = Debug;
		};
		3F829FE71CBC6B48009BB70C /* Release */ = {
			isa = XCBuildConfiguration;
			buildSettings = {
				BUNDLE_LOADER = "$(TEST_HOST)";
				INFOPLIST_FILE = MovieSearchTests/Info.plist;
				LD_RUNPATH_SEARCH_PATHS = "$(inherited) @executable_path/Frameworks @loader_path/Frameworks";
				PRODUCT_BUNDLE_IDENTIFIER = edu.self.MovieSearchTests;
				PRODUCT_NAME = "$(TARGET_NAME)";
				TEST_HOST = "$(BUILT_PRODUCTS_DIR)/MovieSearch.app/MovieSearch";
			};
			name = Release;
		};
		3F829FE91CBC6B48009BB70C /* Debug */ = {
			isa = XCBuildConfiguration;
			buildSettings = {
				INFOPLIST_FILE = MovieSearchUITests/Info.plist;
				LD_RUNPATH_SEARCH_PATHS = "$(inherited) @executable_path/Frameworks @loader_path/Frameworks";
				PRODUCT_BUNDLE_IDENTIFIER = edu.self.MovieSearchUITests;
				PRODUCT_NAME = "$(TARGET_NAME)";
				TEST_TARGET_NAME = MovieSearch;
				USES_XCTRUNNER = YES;
			};
			name = Debug;
		};
		3F829FEA1CBC6B48009BB70C /* Release */ = {
			isa = XCBuildConfiguration;
			buildSettings = {
				INFOPLIST_FILE = MovieSearchUITests/Info.plist;
				LD_RUNPATH_SEARCH_PATHS = "$(inherited) @executable_path/Frameworks @loader_path/Frameworks";
				PRODUCT_BUNDLE_IDENTIFIER = edu.self.MovieSearchUITests;
				PRODUCT_NAME = "$(TARGET_NAME)";
				TEST_TARGET_NAME = MovieSearch;
				USES_XCTRUNNER = YES;
			};
			name = Release;
		};
/* End XCBuildConfiguration section */

/* Begin XCConfigurationList section */
		3F829FB51CBC6B48009BB70C /* Build configuration list for PBXProject "Movie Phone" */ = {
			isa = XCConfigurationList;
			buildConfigurations = (
				3F829FE01CBC6B48009BB70C /* Debug */,
				3F829FE11CBC6B48009BB70C /* Release */,
			);
			defaultConfigurationIsVisible = 0;
			defaultConfigurationName = Release;
		};
		3F829FE21CBC6B48009BB70C /* Build configuration list for PBXNativeTarget "MovieSearch" */ = {
			isa = XCConfigurationList;
			buildConfigurations = (
				3F829FE31CBC6B48009BB70C /* Debug */,
				3F829FE41CBC6B48009BB70C /* Release */,
			);
			defaultConfigurationIsVisible = 0;
			defaultConfigurationName = Release;
		};
		3F829FE51CBC6B48009BB70C /* Build configuration list for PBXNativeTarget "MovieSearchTests" */ = {
			isa = XCConfigurationList;
			buildConfigurations = (
				3F829FE61CBC6B48009BB70C /* Debug */,
				3F829FE71CBC6B48009BB70C /* Release */,
			);
			defaultConfigurationIsVisible = 0;
			defaultConfigurationName = Release;
		};
		3F829FE81CBC6B48009BB70C /* Build configuration list for PBXNativeTarget "MovieSearchUITests" */ = {
			isa = XCConfigurationList;
			buildConfigurations = (
				3F829FE91CBC6B48009BB70C /* Debug */,
				3F829FEA1CBC6B48009BB70C /* Release */,
			);
			defaultConfigurationIsVisible = 0;
			defaultConfigurationName = Release;
		};
/* End XCConfigurationList section */
	};
	rootObject = 3F829FB21CBC6B48009BB70C /* Project object */;
}
